<Solution>
  <Folder Name="/docs/" />
  <Project Path="src/BenchmarkGate.BenchmarkDotNet/BenchmarkGate.BenchmarkDotNet.csproj" />
  <Project Path="src/BenchmarkGate.Core/BenchmarkGate.Core.csproj" />
  <Project Path="src/BenchmarkGate.Tool/BenchmarkGate.Tool.csproj" />
  <Project Path="tests/BenchmarkGate.BenchmarkDotNet.Tests/BenchmarkGate.BenchmarkDotNet.Tests.csproj" />
  <Project Path="tests/BenchmarkGate.Core.Tests/BenchmarkGate.Core.Tests.csproj" />
  <Project Path="tests/BenchmarkGate.IntegrationTests/BenchmarkGate.IntegrationTests.csproj" />
  <Project Path="tests/BenchmarkGate.Tool.Tests/BenchmarkGate.Tool.Tests.csproj" />
</Solution>
