<Solution>
  <Folder Name="/docs/" />
  <Project Path="src/Cedar.BenchmarkGate.BenchmarkDotNet/Cedar.BenchmarkGate.BenchmarkDotNet.csproj" />
  <Project Path="src/Cedar.BenchmarkGate.Core/Cedar.BenchmarkGate.Core.csproj" />
  <Project Path="src/Cedar.BenchmarkGate.Tool/Cedar.BenchmarkGate.Tool.csproj" />
  <Project Path="tests/Cedar.BenchmarkGate.BenchmarkDotNet.Tests/Cedar.BenchmarkGate.BenchmarkDotNet.Tests.csproj" />
  <Project Path="tests/Cedar.BenchmarkGate.Core.Tests/Cedar.BenchmarkGate.Core.Tests.csproj" />
  <Project Path="tests/Cedar.BenchmarkGate.IntegrationTests/Cedar.BenchmarkGate.IntegrationTests.csproj" />
  <Project Path="tests/Cedar.BenchmarkGate.Tool.Tests/Cedar.BenchmarkGate.Tool.Tests.csproj" Id="19512bc4-192a-4bd8-ae7c-ad448a54cb6b" />
</Solution>
